{\n  \"name\": \"ll-cockpit-design\",\n  \"version\": \"0.1.0\",\n  \"lockfileVersion\": 3,\n  \"requires\": true,\n  \"packages\": {\n    \"\": {\n      \"name\": \"ll-cockpit-design\",\n      \"version\": \"0.1.0\",\n      \"dependencies\": {\n        \"@monaco-editor/react\": \"^4.6.0\",\n        \"@opennextjs/cloudflare\": \"^1.19.9\",\n        \"@supabase/ssr\": \"^0.10.3\",\n        \"@supabase/supabase-js\": \"^2.105.4\",\n        \"next\": \"16.2.6\",\n        \"react\": \"19.2.4\",\n        \"react-dom\": \"19.2.4\"\n      },\n      \"devDependencies\": {\n        \"@tailwindcss/postcss\": \"^4\",\n        \"@types/node\": \"^20\",\n        \"@types/react\": \"^19\",\n        \"@types/react-dom\": \"^19\",\n        \"babel-plugin-react-compiler\": \"1.0.0\",\n        \"eslint\": \"^9\",\n        \"eslint-config-next\": \"16.2.6\",\n        \"tailwindcss\": \"^4\",\n        \"typescript\": \"^5\"\n      }\n    }\n  }\n}\n